// !$*UTF8*$!
{
	archiveVersion = 1;
	classes = {
	};
	objectVersion = 56;
	objects = {

/* Begin PBXBuildFile section */
		4B087A4B2941712000246D3A /* AppDelegate.swift in Sources */ = {isa = PBXBuildFile; fileRef = 4B087A4A2941712000246D3A /* AppDelegate.swift */; };
		4B087A4D2941712000246D3A /* SceneDelegate.swift in Sources */ = {isa = PBXBuildFile; fileRef = 4B087A4C2941712000246D3A /* SceneDelegate.swift */; };
		4B087A4F2941712000246D3A /* RandomNumberViewController.swift in Sources */ = {isa = PBXBuildFile; fileRef = 4B087A4E2941712000246D3A /* RandomNumberViewController.swift */; };
		4B087A542941712400246D3A /* Assets.xcassets in Resources */ = {isa = PBXBuildFile; fileRef = 4B087A532941712400246D3A /* Assets.xcassets */; };
		4B087A572941712400246D3A /* LaunchScreen.storyboard in Resources */ = {isa = PBXBuildFile; fileRef = 4B087A552941712400246D3A /* LaunchScreen.storyboard */; };
		4B1DC8062950D673005E6ACF /* RandomNumberPresenterProtocols.swift in Sources */ = {isa = PBXBuildFile; fileRef = 4B1DC8052950D673005E6ACF /* RandomNumberPresenterProtocols.swift */; };
		4BB45CEC29418819008B8CE3 /* RandomNumberProtocol.swift in Sources */ = {isa = PBXBuildFile; fileRef = 4BB45CEB29418819008B8CE3 /* RandomNumberProtocol.swift */; };
		4BB45CF429418E73008B8CE3 /* RandomNumberTests.swift in Sources */ = {isa = PBXBuildFile; fileRef = 4BB45CF329418E73008B8CE3 /* RandomNumberTests.swift */; };
		4BB45CFC29419026008B8CE3 /* RandomNumberGame.swift in Sources */ = {isa = PBXBuildFile; fileRef = 4BB45CFB29419026008B8CE3 /* RandomNumberGame.swift */; };
		4BB45D3F29422B51008B8CE3 /* RandomNumberPresenter.swift in Sources */ = {isa = PBXBuildFile; fileRef = 4BB45D3E29422B51008B8CE3 /* RandomNumberPresenter.swift */; };
		4BB45D4229422BC3008B8CE3 /* RandomNumberInteractor.swift in Sources */ = {isa = PBXBuildFile; fileRef = 4BB45D4129422BC3008B8CE3 /* RandomNumberInteractor.swift */; };
		4BB45D442942543F008B8CE3 /* ResultModel.swift in Sources */ = {isa = PBXBuildFile; fileRef = 4BB45D432942543F008B8CE3 /* ResultModel.swift */; };
		4BB45D462942545F008B8CE3 /* RangeModel.swift in Sources */ = {isa = PBXBuildFile; fileRef = 4BB45D452942545F008B8CE3 /* RangeModel.swift */; };
/* End PBXBuildFile section */

/* Begin PBXContainerItemProxy section */
		4BB45CF529418E73008B8CE3 /* PBXContainerItemProxy */ = {
			isa = PBXContainerItemProxy;
			containerPortal = 4B087A3F2941712000246D3A /* Project object */;
			proxyType = 1;
			remoteGlobalIDString = 4B087A462941712000246D3A;
			remoteInfo = NumeroRandomico;
		};
/* End PBXContainerItemProxy section */

/* Begin PBXFileReference section */
		4B087A472941712000246D3A /* NumeroRandomico.app */ = {isa = PBXFileReference; explicitFileType = wrapper.application; includeInIndex = 0; path = NumeroRandomico.app; sourceTree = BUILT_PRODUCTS_DIR; };
		4B087A4A2941712000246D3A /* AppDelegate.swift */ = {isa = PBXFileReference; lastKnownFileType = sourcecode.swift; path = AppDelegate.swift; sourceTree = "<group>"; };
		4B087A4C2941712000246D3A /* SceneDelegate.swift */ = {isa = PBXFileReference; lastKnownFileType = sourcecode.swift; path = SceneDelegate.swift; sourceTree = "<group>"; };
		4B087A4E2941712000246D3A /* RandomNumberViewController.swift */ = {isa = PBXFileReference; lastKnownFileType = sourcecode.swift; path = RandomNumberViewController.swift; sourceTree = "<group>"; };
		4B087A532941712400246D3A /* Assets.xcassets */ = {isa = PBXFileReference; lastKnownFileType = folder.assetcatalog; path = Assets.xcassets; sourceTree = "<group>"; };
		4B087A562941712400246D3A /* Base */ = {isa = PBXFileReference; lastKnownFileType = file.storyboard; name = Base; path = Base.lproj/LaunchScreen.storyboard; sourceTree = "<group>"; };
		4B087A582941712400246D3A /* Info.plist */ = {isa = PBXFileReference; lastKnownFileType = text.plist.xml; path = Info.plist; sourceTree = "<group>"; };
		4B1DC8052950D673005E6ACF /* RandomNumberPresenterProtocols.swift */ = {isa = PBXFileReference; lastKnownFileType = sourcecode.swift; path = RandomNumberPresenterProtocols.swift; sourceTree = "<group>"; };
		4BB45CEB29418819008B8CE3 /* RandomNumberProtocol.swift */ = {isa = PBXFileReference; lastKnownFileType = sourcecode.swift; path = RandomNumberProtocol.swift; sourceTree = "<group>"; };
		4BB45CF129418E72008B8CE3 /* NumeroRandomicoTests.xctest */ = {isa = PBXFileReference; explicitFileType = wrapper.cfbundle; includeInIndex = 0; path = NumeroRandomicoTests.xctest; sourceTree = BUILT_PRODUCTS_DIR; };
		4BB45CF329418E73008B8CE3 /* RandomNumberTests.swift */ = {isa = PBXFileReference; lastKnownFileType = sourcecode.swift; path = RandomNumberTests.swift; sourceTree = "<group>"; };
		4BB45CFB29419026008B8CE3 /* RandomNumberGame.swift */ = {isa = PBXFileReference; lastKnownFileType = sourcecode.swift; path = RandomNumberGame.swift; sourceTree = "<group>"; };
		4BB45D3E29422B51008B8CE3 /* RandomNumberPresenter.swift */ = {isa = PBXFileReference; lastKnownFileType = sourcecode.swift; path = RandomNumberPresenter.swift; sourceTree = "<group>"; };
		4BB45D4129422BC3008B8CE3 /* RandomNumberInteractor.swift */ = {isa = PBXFileReference; lastKnownFileType = sourcecode.swift; path = RandomNumberInteractor.swift; sourceTree = "<group>"; };
		4BB45D432942543F008B8CE3 /* ResultModel.swift */ = {isa = PBXFileReference; lastKnownFileType = sourcecode.swift; path = ResultModel.swift; sourceTree = "<group>"; };
		4BB45D452942545F008B8CE3 /* RangeModel.swift */ = {isa = PBXFileReference; lastKnownFileType = sourcecode.swift; path = RangeModel.swift; sourceTree = "<group>"; };
/* End PBXFileReference section */

/* Begin PBXFrameworksBuildPhase section */
		4B087A442941712000246D3A /* Frameworks */ = {
			isa = PBXFrameworksBuildPhase;
			buildActionMask = 2147483647;
			files = (
			);
			runOnlyForDeploymentPostprocessing = 0;
		};
		4BB45CEE29418E72008B8CE3 /* Frameworks */ = {
			isa = PBXFrameworksBuildPhase;
			buildActionMask = 2147483647;
			files = (
			);
			runOnlyForDeploymentPostprocessing = 0;
		};
/* End PBXFrameworksBuildPhase section */

/* Begin PBXGroup section */
		4B087A3E2941712000246D3A = {
			isa = PBXGroup;
			children = (
				4B087A492941712000246D3A /* NumeroRandomico */,
				4BB45CF229418E73008B8CE3 /* NumeroRandomicoTests */,
				4B087A482941712000246D3A /* Products */,
			);
			sourceTree = "<group>";
		};
		4B087A482941712000246D3A /* Products */ = {
			isa = PBXGroup;
			children = (
				4B087A472941712000246D3A /* NumeroRandomico.app */,
				4BB45CF129418E72008B8CE3 /* NumeroRandomicoTests.xctest */,
			);
			name = Products;
			sourceTree = "<group>";
		};
		4B087A492941712000246D3A /* NumeroRandomico */ = {
			isa = PBXGroup;
			children = (
				4BB45D3929422A97008B8CE3 /* AppDelegates */,
				4B087A5E2941712F00246D3A /* Domain */,
				4BB45CFA29418F8A008B8CE3 /* Data */,
				4BB45D3D29422B3C008B8CE3 /* Interactor */,
				4BB45D3A29422ABC008B8CE3 /* Presenter */,
				4BB45D3B29422ACA008B8CE3 /* View */,
				4BB45D3C29422AD8008B8CE3 /* Files */,
			);
			path = NumeroRandomico;
			sourceTree = "<group>";
		};
		4B087A5E2941712F00246D3A /* Domain */ = {
			isa = PBXGroup;
			children = (
				4BB45CEB29418819008B8CE3 /* RandomNumberProtocol.swift */,
				4BB45D432942543F008B8CE3 /* ResultModel.swift */,
				4BB45D452942545F008B8CE3 /* RangeModel.swift */,
			);
			path = Domain;
			sourceTree = "<group>";
		};
		4BB45CF229418E73008B8CE3 /* NumeroRandomicoTests */ = {
			isa = PBXGroup;
			children = (
				4BB45CF329418E73008B8CE3 /* RandomNumberTests.swift */,
			);
			path = NumeroRandomicoTests;
			sourceTree = "<group>";
		};
		4BB45CFA29418F8A008B8CE3 /* Data */ = {
			isa = PBXGroup;
			children = (
				4BB45CFB29419026008B8CE3 /* RandomNumberGame.swift */,
			);
			path = Data;
			sourceTree = "<group>";
		};
		4BB45D3929422A97008B8CE3 /* AppDelegates */ = {
			isa = PBXGroup;
			children = (
				4B087A4A2941712000246D3A /* AppDelegate.swift */,
				4B087A4C2941712000246D3A /* SceneDelegate.swift */,
			);
			path = AppDelegates;
			sourceTree = "<group>";
		};
		4BB45D3A29422ABC008B8CE3 /* Presenter */ = {
			isa = PBXGroup;
			children = (
				4BB45D3E29422B51008B8CE3 /* RandomNumberPresenter.swift */,
				4B1DC8052950D673005E6ACF /* RandomNumberPresenterProtocols.swift */,
			);
			path = Presenter;
			sourceTree = "<group>";
		};
		4BB45D3B29422ACA008B8CE3 /* View */ = {
			isa = PBXGroup;
			children = (
				4B087A4E2941712000246D3A /* RandomNumberViewController.swift */,
			);
			path = View;
			sourceTree = "<group>";
		};
		4BB45D3C29422AD8008B8CE3 /* Files */ = {
			isa = PBXGroup;
			children = (
				4B087A532941712400246D3A /* Assets.xcassets */,
				4B087A552941712400246D3A /* LaunchScreen.storyboard */,
				4B087A582941712400246D3A /* Info.plist */,
			);
			name = Files;
			sourceTree = "<group>";
		};
		4BB45D3D29422B3C008B8CE3 /* Interactor */ = {
			isa = PBXGroup;
			children = (
				4BB45D4129422BC3008B8CE3 /* RandomNumberInteractor.swift */,
			);
			path = Interactor;
			sourceTree = "<group>";
		};
/* End PBXGroup section */

/* Begin PBXNativeTarget section */
		4B087A462941712000246D3A /* NumeroRandomico */ = {
			isa = PBXNativeTarget;
			buildConfigurationList = 4B087A5B2941712400246D3A /* Build configuration list for PBXNativeTarget "NumeroRandomico" */;
			buildPhases = (
				4B087A432941712000246D3A /* Sources */,
				4B087A442941712000246D3A /* Frameworks */,
				4B087A452941712000246D3A /* Resources */,
			);
			buildRules = (
			);
			dependencies = (
			);
			name = NumeroRandomico;
			productName = NumeroRandomico;
			productReference = 4B087A472941712000246D3A /* NumeroRandomico.app */;
			productType = "com.apple.product-type.application";
		};
		4BB45CF029418E72008B8CE3 /* NumeroRandomicoTests */ = {
			isa = PBXNativeTarget;
			buildConfigurationList = 4BB45CF729418E73008B8CE3 /* Build configuration list for PBXNativeTarget "NumeroRandomicoTests" */;
			buildPhases = (
				4BB45CED29418E72008B8CE3 /* Sources */,
				4BB45CEE29418E72008B8CE3 /* Frameworks */,
				4BB45CEF29418E72008B8CE3 /* Resources */,
			);
			buildRules = (
			);
			dependencies = (
				4BB45CF629418E73008B8CE3 /* PBXTargetDependency */,
			);
			name = NumeroRandomicoTests;
			productName = NumeroRandomicoTests;
			productReference = 4BB45CF129418E72008B8CE3 /* NumeroRandomicoTests.xctest */;
			productType = "com.apple.product-type.bundle.unit-test";
		};
/* End PBXNativeTarget section */

/* Begin PBXProject section */
		4B087A3F2941712000246D3A /* Project object */ = {
			isa = PBXProject;
			attributes = {
				BuildIndependentTargetsInParallel = 1;
				LastSwiftUpdateCheck = 1400;
				LastUpgradeCheck = 1400;
				TargetAttributes = {
					4B087A462941712000246D3A = {
						CreatedOnToolsVersion = 14.0.1;
					};
					4BB45CF029418E72008B8CE3 = {
						CreatedOnToolsVersion = 14.0.1;
						TestTargetID = 4B087A462941712000246D3A;
					};
				};
			};
			buildConfigurationList = 4B087A422941712000246D3A /* Build configuration list for PBXProject "NumeroRandomico" */;
			compatibilityVersion = "Xcode 14.0";
			developmentRegion = en;
			hasScannedForEncodings = 0;
			knownRegions = (
				en,
				Base,
			);
			mainGroup = 4B087A3E2941712000246D3A;
			productRefGroup = 4B087A482941712000246D3A /* Products */;
			projectDirPath = "";
			projectRoot = "";
			targets = (
				4B087A462941712000246D3A /* NumeroRandomico */,
				4BB45CF029418E72008B8CE3 /* NumeroRandomicoTests */,
			);
		};
/* End PBXProject section */

/* Begin PBXResourcesBuildPhase section */
		4B087A452941712000246D3A /* Resources */ = {
			isa = PBXResourcesBuildPhase;
			buildActionMask = 2147483647;
			files = (
				4B087A572941712400246D3A /* LaunchScreen.storyboard in Resources */,
				4B087A542941712400246D3A /* Assets.xcassets in Resources */,
			);
			runOnlyForDeploymentPostprocessing = 0;
		};
		4BB45CEF29418E72008B8CE3 /* Resources */ = {
			isa = PBXResourcesBuildPhase;
			buildActionMask = 2147483647;
			files = (
			);
			runOnlyForDeploymentPostprocessing = 0;
		};
/* End PBXResourcesBuildPhase section */

/* Begin PBXSourcesBuildPhase section */
		4B087A432941712000246D3A /* Sources */ = {
			isa = PBXSourcesBuildPhase;
			buildActionMask = 2147483647;
			files = (
				4BB45D3F29422B51008B8CE3 /* RandomNumberPresenter.swift in Sources */,
				4B087A4F2941712000246D3A /* RandomNumberViewController.swift in Sources */,
				4B1DC8062950D673005E6ACF /* RandomNumberPresenterProtocols.swift in Sources */,
				4B087A4B2941712000246D3A /* AppDelegate.swift in Sources */,
				4BB45D4229422BC3008B8CE3 /* RandomNumberInteractor.swift in Sources */,
				4BB45D462942545F008B8CE3 /* RangeModel.swift in Sources */,
				4BB45D442942543F008B8CE3 /* ResultModel.swift in Sources */,
				4BB45CFC29419026008B8CE3 /* RandomNumberGame.swift in Sources */,
				4B087A4D2941712000246D3A /* SceneDelegate.swift in Sources */,
				4BB45CEC29418819008B8CE3 /* RandomNumberProtocol.swift in Sources */,
			);
			runOnlyForDeploymentPostprocessing = 0;
		};
		4BB45CED29418E72008B8CE3 /* Sources */ = {
			isa = PBXSourcesBuildPhase;
			buildActionMask = 2147483647;
			files = (
				4BB45CF429418E73008B8CE3 /* RandomNumberTests.swift in Sources */,
			);
			runOnlyForDeploymentPostprocessing = 0;
		};
/* End PBXSourcesBuildPhase section */

/* Begin PBXTargetDependency section */
		4BB45CF629418E73008B8CE3 /* PBXTargetDependency */ = {
			isa = PBXTargetDependency;
			target = 4B087A462941712000246D3A /* NumeroRandomico */;
			targetProxy = 4BB45CF529418E73008B8CE3 /* PBXContainerItemProxy */;
		};
/* End PBXTargetDependency section */

/* Begin PBXVariantGroup section */
		4B087A552941712400246D3A /* LaunchScreen.storyboard */ = {
			isa = PBXVariantGroup;
			children = (
				4B087A562941712400246D3A /* Base */,
			);
			name = LaunchScreen.storyboard;
			sourceTree = "<group>";
		};
/* End PBXVariantGroup section */

/* Begin XCBuildConfiguration section */
		4B087A592941712400246D3A /* Debug */ = {
			isa = XCBuildConfiguration;
			buildSettings = {
				ALWAYS_SEARCH_USER_PATHS = NO;
				CLANG_ANALYZER_NONNULL = YES;
				CLANG_ANALYZER_NUMBER_OBJECT_CONVERSION = YES_AGGRESSIVE;
				CLANG_CXX_LANGUAGE_STANDARD = "gnu++20";
				CLANG_ENABLE_MODULES = YES;
				CLANG_ENABLE_OBJC_ARC = YES;
				CLANG_ENABLE_OBJC_WEAK = YES;
				CLANG_WARN_BLOCK_CAPTURE_AUTORELEASING = YES;
				CLANG_WARN_BOOL_CONVERSION = YES;
				CLANG_WARN_COMMA = YES;
				CLANG_WARN_CONSTANT_CONVERSION = YES;
				CLANG_WARN_DEPRECATED_OBJC_IMPLEMENTATIONS = YES;
				CLANG_WARN_DIRECT_OBJC_ISA_USAGE = YES_ERROR;
				CLANG_WARN_DOCUMENTATION_COMMENTS = YES;
				CLANG_WARN_EMPTY_BODY = YES;
				CLANG_WARN_ENUM_CONVERSION = YES;
				CLANG_WARN_INFINITE_RECURSION = YES;
				CLANG_WARN_INT_CONVERSION = YES;
				CLANG_WARN_NON_LITERAL_NULL_CONVERSION = YES;
				CLANG_WARN_OBJC_IMPLICIT_RETAIN_SELF = YES;
				CLANG_WARN_OBJC_LITERAL_CONVERSION = YES;
				CLANG_WARN_OBJC_ROOT_CLASS = YES_ERROR;
				CLANG_WARN_QUOTED_INCLUDE_IN_FRAMEWORK_HEADER = YES;
				CLANG_WARN_RANGE_LOOP_ANALYSIS = YES;
				CLANG_WARN_STRICT_PROTOTYPES = YES;
				CLANG_WARN_SUSPICIOUS_MOVE = YES;
				CLANG_WARN_UNGUARDED_AVAILABILITY = YES_AGGRESSIVE;
				CLANG_WARN_UNREACHABLE_CODE = YES;
				CLANG_WARN__DUPLICATE_METHOD_MATCH = YES;
				COPY_PHASE_STRIP = NO;
				DEBUG_INFORMATION_FORMAT = dwarf;
				ENABLE_STRICT_OBJC_MSGSEND = YES;
				ENABLE_TESTABILITY = YES;
				GCC_C_LANGUAGE_STANDARD = gnu11;
				GCC_DYNAMIC_NO_PIC = NO;
				GCC_NO_COMMON_BLOCKS = YES;
				GCC_OPTIMIZATION_LEVEL = 0;
				GCC_PREPROCESSOR_DEFINITIONS = (
					"DEBUG=1",
					"$(inherited)",
				);
				GCC_WARN_64_TO_32_BIT_CONVERSION = YES;
				GCC_WARN_ABOUT_RETURN_TYPE = YES_ERROR;
				GCC_WARN_UNDECLARED_SELECTOR = YES;
				GCC_WARN_UNINITIALIZED_AUTOS = YES_AGGRESSIVE;
				GCC_WARN_UNUSED_FUNCTION = YES;
				GCC_WARN_UNUSED_VARIABLE = YES;
				IPHONEOS_DEPLOYMENT_TARGET = 13.0;
				MTL_ENABLE_DEBUG_INFO = INCLUDE_SOURCE;
				MTL_FAST_MATH = YES;
				ONLY_ACTIVE_ARCH = YES;
				SDKROOT = iphoneos;
				SWIFT_ACTIVE_COMPILATION_CONDITIONS = DEBUG;
				SWIFT_OPTIMIZATION_LEVEL = "-Onone";
			};
			name = Debug;
		};
		4B087A5A2941712400246D3A /* Release */ = {
			isa = XCBuildConfiguration;
			buildSettings = {
				ALWAYS_SEARCH_USER_PATHS = NO;
				CLANG_ANALYZER_NONNULL = YES;
				CLANG_ANALYZER_NUMBER_OBJECT_CONVERSION = YES_AGGRESSIVE;
				CLANG_CXX_LANGUAGE_STANDARD = "gnu++20";
				CLANG_ENABLE_MODULES = YES;
				CLANG_ENABLE_OBJC_ARC = YES;
				CLANG_ENABLE_OBJC_WEAK = YES;
				CLANG_WARN_BLOCK_CAPTURE_AUTORELEASING = YES;
				CLANG_WARN_BOOL_CONVERSION = YES;
				CLANG_WARN_COMMA = YES;
				CLANG_WARN_CONSTANT_CONVERSION = YES;
				CLANG_WARN_DEPRECATED_OBJC_IMPLEMENTATIONS = YES;
				CLANG_WARN_DIRECT_OBJC_ISA_USAGE = YES_ERROR;
				CLANG_WARN_DOCUMENTATION_COMMENTS = YES;
				CLANG_WARN_EMPTY_BODY = YES;
				CLANG_WARN_ENUM_CONVERSION = YES;
				CLANG_WARN_INFINITE_RECURSION = YES;
				CLANG_WARN_INT_CONVERSION = YES;
				CLANG_WARN_NON_LITERAL_NULL_CONVERSION = YES;
				CLANG_WARN_OBJC_IMPLICIT_RETAIN_SELF = YES;
				CLANG_WARN_OBJC_LITERAL_CONVERSION = YES;
				CLANG_WARN_OBJC_ROOT_CLASS = YES_ERROR;
				CLANG_WARN_QUOTED_INCLUDE_IN_FRAMEWORK_HEADER = YES;
				CLANG_WARN_RANGE_LOOP_ANALYSIS = YES;
				CLANG_WARN_STRICT_PROTOTYPES = YES;
				CLANG_WARN_SUSPICIOUS_MOVE = YES;
				CLANG_WARN_UNGUARDED_AVAILABILITY = YES_AGGRESSIVE;
				CLANG_WARN_UNREACHABLE_CODE = YES;
				CLANG_WARN__DUPLICATE_METHOD_MATCH = YES;
				COPY_PHASE_STRIP = NO;
				DEBUG_INFORMATION_FORMAT = "dwarf-with-dsym";
				ENABLE_NS_ASSERTIONS = NO;
				ENABLE_STRICT_OBJC_MSGSEND = YES;
				GCC_C_LANGUAGE_STANDARD = gnu11;
				GCC_NO_COMMON_BLOCKS = YES;
				GCC_WARN_64_TO_32_BIT_CONVERSION = YES;
				GCC_WARN_ABOUT_RETURN_TYPE = YES_ERROR;
				GCC_WARN_UNDECLARED_SELECTOR = YES;
				GCC_WARN_UNINITIALIZED_AUTOS = YES_AGGRESSIVE;
				GCC_WARN_UNUSED_FUNCTION = YES;
				GCC_WARN_UNUSED_VARIABLE = YES;
				IPHONEOS_DEPLOYMENT_TARGET = 13.0;
				MTL_ENABLE_DEBUG_INFO = NO;
				MTL_FAST_MATH = YES;
				SDKROOT = iphoneos;
				SWIFT_COMPILATION_MODE = wholemodule;
				SWIFT_OPTIMIZATION_LEVEL = "-O";
				VALIDATE_PRODUCT = YES;
			};
			name = Release;
		};
		4B087A5C2941712400246D3A /* Debug */ = {
			isa = XCBuildConfiguration;
			buildSettings = {
				ASSETCATALOG_COMPILER_APPICON_NAME = AppIcon;
				ASSETCATALOG_COMPILER_GLOBAL_ACCENT_COLOR_NAME = AccentColor;
				CODE_SIGN_STYLE = Automatic;
				CURRENT_PROJECT_VERSION = 1;
				DEVELOPMENT_TEAM = P2VHV5YCL6;
				GENERATE_INFOPLIST_FILE = YES;
				INFOPLIST_FILE = NumeroRandomico/Info.plist;
				INFOPLIST_KEY_UIApplicationSupportsIndirectInputEvents = YES;
				INFOPLIST_KEY_UILaunchStoryboardName = LaunchScreen;
				INFOPLIST_KEY_UISupportedInterfaceOrientations = UIInterfaceOrientationPortrait;
				INFOPLIST_KEY_UISupportedInterfaceOrientations_iPad = "UIInterfaceOrientationLandscapeLeft UIInterfaceOrientationLandscapeRight UIInterfaceOrientationPortrait UIInterfaceOrientationPortraitUpsideDown";
				LD_RUNPATH_SEARCH_PATHS = (
					"$(inherited)",
					"@executable_path/Frameworks",
				);
				MARKETING_VERSION = 1.0;
				PRODUCT_BUNDLE_IDENTIFIER = com.diegoferreira.NumeroRandomico;
				PRODUCT_NAME = "$(TARGET_NAME)";
				SUPPORTED_PLATFORMS = "iphoneos iphonesimulator";
				SUPPORTS_MACCATALYST = NO;
				SUPPORTS_MAC_DESIGNED_FOR_IPHONE_IPAD = NO;
				SWIFT_EMIT_LOC_STRINGS = YES;
				SWIFT_VERSION = 5.0;
				TARGETED_DEVICE_FAMILY = 1;
			};
			name = Debug;
		};
		4B087A5D2941712400246D3A /* Release */ = {
			isa = XCBuildConfiguration;
			buildSettings = {
				ASSETCATALOG_COMPILER_APPICON_NAME = AppIcon;
				ASSETCATALOG_COMPILER_GLOBAL_ACCENT_COLOR_NAME = AccentColor;
				CODE_SIGN_STYLE = Automatic;
				CURRENT_PROJECT_VERSION = 1;
				DEVELOPMENT_TEAM = P2VHV5YCL6;
				GENERATE_INFOPLIST_FILE = YES;
				INFOPLIST_FILE = NumeroRandomico/Info.plist;
				INFOPLIST_KEY_UIApplicationSupportsIndirectInputEvents = YES;
				INFOPLIST_KEY_UILaunchStoryboardName = LaunchScreen;
				INFOPLIST_KEY_UISupportedInterfaceOrientations = UIInterfaceOrientationPortrait;
				INFOPLIST_KEY_UISupportedInterfaceOrientations_iPad = "UIInterfaceOrientationLandscapeLeft UIInterfaceOrientationLandscapeRight UIInterfaceOrientationPortrait UIInterfaceOrientationPortraitUpsideDown";
				LD_RUNPATH_SEARCH_PATHS = (
					"$(inherited)",
					"@executable_path/Frameworks",
				);
				MARKETING_VERSION = 1.0;
				PRODUCT_BUNDLE_IDENTIFIER = com.diegoferreira.NumeroRandomico;
				PRODUCT_NAME = "$(TARGET_NAME)";
				SUPPORTED_PLATFORMS = "iphoneos iphonesimulator";
				SUPPORTS_MACCATALYST = NO;
				SUPPORTS_MAC_DESIGNED_FOR_IPHONE_IPAD = NO;
				SWIFT_EMIT_LOC_STRINGS = YES;
				SWIFT_VERSION = 5.0;
				TARGETED_DEVICE_FAMILY = 1;
			};
			name = Release;
		};
		4BB45CF829418E73008B8CE3 /* Debug */ = {
			isa = XCBuildConfiguration;
			buildSettings = {
				BUNDLE_LOADER = "$(TEST_HOST)";
				CODE_SIGN_STYLE = Automatic;
				CURRENT_PROJECT_VERSION = 1;
				DEVELOPMENT_TEAM = P2VHV5YCL6;
				GENERATE_INFOPLIST_FILE = YES;
				IPHONEOS_DEPLOYMENT_TARGET = 16.0;
				MARKETING_VERSION = 1.0;
				PRODUCT_BUNDLE_IDENTIFIER = com.diegoferreira.NumeroRandomicoTests;
				PRODUCT_NAME = "$(TARGET_NAME)";
				SWIFT_EMIT_LOC_STRINGS = NO;
				SWIFT_VERSION = 5.0;
				TARGETED_DEVICE_FAMILY = "1,2";
				TEST_HOST = "$(BUILT_PRODUCTS_DIR)/NumeroRandomico.app/$(BUNDLE_EXECUTABLE_FOLDER_PATH)/NumeroRandomico";
			};
			name = Debug;
		};
		4BB45CF929418E73008B8CE3 /* Release */ = {
			isa = XCBuildConfiguration;
			buildSettings = {
				BUNDLE_LOADER = "$(TEST_HOST)";
				CODE_SIGN_STYLE = Automatic;
				CURRENT_PROJECT_VERSION = 1;
				DEVELOPMENT_TEAM = P2VHV5YCL6;
				GENERATE_INFOPLIST_FILE = YES;
				IPHONEOS_DEPLOYMENT_TARGET = 16.0;
				MARKETING_VERSION = 1.0;
				PRODUCT_BUNDLE_IDENTIFIER = com.diegoferreira.NumeroRandomicoTests;
				PRODUCT_NAME = "$(TARGET_NAME)";
				SWIFT_EMIT_LOC_STRINGS = NO;
				SWIFT_VERSION = 5.0;
				TARGETED_DEVICE_FAMILY = "1,2";
				TEST_HOST = "$(BUILT_PRODUCTS_DIR)/NumeroRandomico.app/$(BUNDLE_EXECUTABLE_FOLDER_PATH)/NumeroRandomico";
			};
			name = Release;
		};
/* End XCBuildConfiguration section */

/* Begin XCConfigurationList section */
		4B087A422941712000246D3A /* Build configuration list for PBXProject "NumeroRandomico" */ = {
			isa = XCConfigurationList;
			buildConfigurations = (
				4B087A592941712400246D3A /* Debug */,
				4B087A5A2941712400246D3A /* Release */,
			);
			defaultConfigurationIsVisible = 0;
			defaultConfigurationName = Release;
		};
		4B087A5B2941712400246D3A /* Build configuration list for PBXNativeTarget "NumeroRandomico" */ = {
			isa = XCConfigurationList;
			buildConfigurations = (
				4B087A5C2941712400246D3A /* Debug */,
				4B087A5D2941712400246D3A /* Release */,
			);
			defaultConfigurationIsVisible = 0;
			defaultConfigurationName = Release;
		};
		4BB45CF729418E73008B8CE3 /* Build configuration list for PBXNativeTarget "NumeroRandomicoTests" */ = {
			isa = XCConfigurationList;
			buildConfigurations = (
				4BB45CF829418E73008B8CE3 /* Debug */,
				4BB45CF929418E73008B8CE3 /* Release */,
			);
			defaultConfigurationIsVisible = 0;
			defaultConfigurationName = Release;
		};
/* End XCConfigurationList section */
	};
	rootObject = 4B087A3F2941712000246D3A /* Project object */;
}
